
Microsoft Visual Studio Solution File, Format Version 12.00
# Visual Studio 15
VisualStudioVersion = 15.0.26730.10
MinimumVisualStudioVersion = 10.0.40219.1
Project("{FAE04EC0-301F-11D3-BF4B-00C04F79EFBC}") = "LaboratorioRepaso_1037214", "LaboratorioRepaso_1037214\LaboratorioRepaso_1037214.csproj", "{CC314DC9-88CD-4A2E-9D38-8BA2BA1A00B6}"
EndProject
Global
	GlobalSection(SolutionConfigurationPlatforms) = preSolution
		Debug|Any CPU = Debug|Any CPU
		Release|Any CPU = Release|Any CPU
	EndGlobalSection
	GlobalSection(ProjectConfigurationPlatforms) = postSolution
		{CC314DC9-88CD-4A2E-9D38-8BA2BA1A00B6}.Debug|Any CPU.ActiveCfg = Debug|Any CPU
		{CC314DC9-88CD-4A2E-9D38-8BA2BA1A00B6}.Debug|Any CPU.Build.0 = Debug|Any CPU
		{CC314DC9-88CD-4A2E-9D38-8BA2BA1A00B6}.Release|Any CPU.ActiveCfg = Release|Any CPU
		{CC314DC9-88CD-4A2E-9D38-8BA2BA1A00B6}.Release|Any CPU.Build.0 = Release|Any CPU
	EndGlobalSection
	GlobalSection(SolutionProperties) = preSolution
		HideSolutionNode = FALSE
	EndGlobalSection
	GlobalSection(ExtensibilityGlobals) = postSolution
		SolutionGuid = {537F5838-4041-4180-B7E0-8BF0730255FC}
	EndGlobalSection
EndGlobal
